
Microsoft Visual Studio Solution File, Format Version 12.00
# Visual Studio Version 17
VisualStudioVersion = 17.14.36930.0 d17.14
MinimumVisualStudioVersion = 10.0.40219.1
Project("{FAE04EC0-301F-11D3-BF4B-00C04F79EFBC}") = "LifeManager", "..\..\..\生活管理アプリ\Dashboard\Dashboard\LifeManager.csproj", "{5CB2F6FD-895B-6D0E-4735-1273C0AA379D}"
EndProject
Global
	GlobalSection(SolutionConfigurationPlatforms) = preSolution
		Debug|Any CPU = Debug|Any CPU
		Release|Any CPU = Release|Any CPU
	EndGlobalSection
	GlobalSection(ProjectConfigurationPlatforms) = postSolution
		{5CB2F6FD-895B-6D0E-4735-1273C0AA379D}.Debug|Any CPU.ActiveCfg = Debug|Any CPU
		{5CB2F6FD-895B-6D0E-4735-1273C0AA379D}.Debug|Any CPU.Build.0 = Debug|Any CPU
		{5CB2F6FD-895B-6D0E-4735-1273C0AA379D}.Release|Any CPU.ActiveCfg = Release|Any CPU
		{5CB2F6FD-895B-6D0E-4735-1273C0AA379D}.Release|Any CPU.Build.0 = Release|Any CPU
	EndGlobalSection
	GlobalSection(SolutionProperties) = preSolution
		HideSolutionNode = FALSE
	EndGlobalSection
	GlobalSection(ExtensibilityGlobals) = postSolution
		SolutionGuid = {3800DE27-6840-4574-ADC4-78189E273C40}
	EndGlobalSection
EndGlobal
